
Microsoft Visual Studio Solution File, Format Version 12.00
# Visual Studio Version 17
VisualStudioVersion = 17.3.32819.101
MinimumVisualStudioVersion = 10.0.40219.1
Project("{FAE04EC0-301F-11D3-BF4B-00C04F79EFBC}") = "OOParbete", "OOParbete\OOParbete.csproj", "{30C39F00-9ADD-44C5-94B4-B4521EAE301C}"
EndProject
Global
	GlobalSection(SolutionConfigurationPlatforms) = preSolution
		Debug|Any CPU = Debug|Any CPU
		Release|Any CPU = Release|Any CPU
	EndGlobalSection
	GlobalSection(ProjectConfigurationPlatforms) = postSolution
		{30C39F00-9ADD-44C5-94B4-B4521EAE301C}.Debug|Any CPU.ActiveCfg = Debug|Any CPU
		{30C39F00-9ADD-44C5-94B4-B4521EAE301C}.Debug|Any CPU.Build.0 = Debug|Any CPU
		{30C39F00-9ADD-44C5-94B4-B4521EAE301C}.Release|Any CPU.ActiveCfg = Release|Any CPU
		{30C39F00-9ADD-44C5-94B4-B4521EAE301C}.Release|Any CPU.Build.0 = Release|Any CPU
	EndGlobalSection
	GlobalSection(SolutionProperties) = preSolution
		HideSolutionNode = FALSE
	EndGlobalSection
	GlobalSection(ExtensibilityGlobals) = postSolution
		SolutionGuid = {A590D092-D1D3-4C75-8E85-F5B6B6EA393F}
	EndGlobalSection
EndGlobal
